
Microsoft Visual Studio Solution File, Format Version 12.00
# Visual Studio Version 17
VisualStudioVersion = 17.5.33530.505
MinimumVisualStudioVersion = 10.0.40219.1
Project("{FAE04EC0-301F-11D3-BF4B-00C04F79EFBC}") = "DependencyInjection", "DependencyInjection\DependencyInjection.csproj", "{FAB266DD-9E10-49C6-A5F3-61D9E3E68C66}"
EndProject
Global
	GlobalSection(SolutionConfigurationPlatforms) = preSolution
		Debug|Any CPU = Debug|Any CPU
		Release|Any CPU = Release|Any CPU
	EndGlobalSection
	GlobalSection(ProjectConfigurationPlatforms) = postSolution
		{FAB266DD-9E10-49C6-A5F3-61D9E3E68C66}.Debug|Any CPU.ActiveCfg = Debug|Any CPU
		{FAB266DD-9E10-49C6-A5F3-61D9E3E68C66}.Debug|Any CPU.Build.0 = Debug|Any CPU
		{FAB266DD-9E10-49C6-A5F3-61D9E3E68C66}.Release|Any CPU.ActiveCfg = Release|Any CPU
		{FAB266DD-9E10-49C6-A5F3-61D9E3E68C66}.Release|Any CPU.Build.0 = Release|Any CPU
	EndGlobalSection
	GlobalSection(SolutionProperties) = preSolution
		HideSolutionNode = FALSE
	EndGlobalSection
	GlobalSection(ExtensibilityGlobals) = postSolution
		SolutionGuid = {D5DD0D65-0D8C-4C33-B34C-BE3C7C0131C0}
	EndGlobalSection
EndGlobal
